
Microsoft Visual Studio Solution File, Format Version 12.00
# Visual Studio Version 16
VisualStudioVersion = 16.0.29519.181
MinimumVisualStudioVersion = 10.0.40219.1
Project("{9A19103F-16F7-4668-BE54-9A1E7A4F7556}") = "QuickStart", "..\QuickStart\QuickStart.csproj", "{D5B195D1-69F3-4ED9-83D5-13FBC0DFF983}"
EndProject
Project("{9A19103F-16F7-4668-BE54-9A1E7A4F7556}") = "EF.Learning.Domain", "EF.Learning.Domain\EF.Learning.Domain.csproj", "{C1332105-951F-458C-810B-440552971C78}"
EndProject
Project("{9A19103F-16F7-4668-BE54-9A1E7A4F7556}") = "EF.Learning.Core", "EF.Learning.Core\EF.Learning.Core.csproj", "{8667A334-37D7-47C1-8304-894F8A9FDCF2}"
EndProject
Project("{FAE04EC0-301F-11D3-BF4B-00C04F79EFBC}") = "ContosoUniversity", "..\ContosoUniversity\ContosoUniversity\ContosoUniversity.csproj", "{67699913-4598-4195-827D-636B4DD8015C}"
EndProject
Global
	GlobalSection(SolutionConfigurationPlatforms) = preSolution
		Debug|Any CPU = Debug|Any CPU
		Release|Any CPU = Release|Any CPU
	EndGlobalSection
	GlobalSection(ProjectConfigurationPlatforms) = postSolution
		{D5B195D1-69F3-4ED9-83D5-13FBC0DFF983}.Debug|Any CPU.ActiveCfg = Debug|Any CPU
		{D5B195D1-69F3-4ED9-83D5-13FBC0DFF983}.Debug|Any CPU.Build.0 = Debug|Any CPU
		{D5B195D1-69F3-4ED9-83D5-13FBC0DFF983}.Release|Any CPU.ActiveCfg = Release|Any CPU
		{D5B195D1-69F3-4ED9-83D5-13FBC0DFF983}.Release|Any CPU.Build.0 = Release|Any CPU
		{C1332105-951F-458C-810B-440552971C78}.Debug|Any CPU.ActiveCfg = Debug|Any CPU
		{C1332105-951F-458C-810B-440552971C78}.Debug|Any CPU.Build.0 = Debug|Any CPU
		{C1332105-951F-458C-810B-440552971C78}.Release|Any CPU.ActiveCfg = Release|Any CPU
		{C1332105-951F-458C-810B-440552971C78}.Release|Any CPU.Build.0 = Release|Any CPU
		{8667A334-37D7-47C1-8304-894F8A9FDCF2}.Debug|Any CPU.ActiveCfg = Debug|Any CPU
		{8667A334-37D7-47C1-8304-894F8A9FDCF2}.Debug|Any CPU.Build.0 = Debug|Any CPU
		{8667A334-37D7-47C1-8304-894F8A9FDCF2}.Release|Any CPU.ActiveCfg = Release|Any CPU
		{8667A334-37D7-47C1-8304-894F8A9FDCF2}.Release|Any CPU.Build.0 = Release|Any CPU
		{67699913-4598-4195-827D-636B4DD8015C}.Debug|Any CPU.ActiveCfg = Debug|Any CPU
		{67699913-4598-4195-827D-636B4DD8015C}.Debug|Any CPU.Build.0 = Debug|Any CPU
		{67699913-4598-4195-827D-636B4DD8015C}.Release|Any CPU.ActiveCfg = Release|Any CPU
		{67699913-4598-4195-827D-636B4DD8015C}.Release|Any CPU.Build.0 = Release|Any CPU
	EndGlobalSection
	GlobalSection(SolutionProperties) = preSolution
		HideSolutionNode = FALSE
	EndGlobalSection
	GlobalSection(ExtensibilityGlobals) = postSolution
		SolutionGuid = {5371A1EF-666B-4563-B701-37D6F9C48BBA}
	EndGlobalSection
EndGlobal
